
Microsoft Visual Studio Solution File, Format Version 12.00
# Visual Studio 15
VisualStudioVersion = 15.0.26124.0
MinimumVisualStudioVersion = 15.0.26124.0
Project("{FAE04EC0-301F-11D3-BF4B-00C04F79EFBC}") = "QuickBy.Dominio", "QuickBy.Dominio\QuickBy.Dominio.csproj", "{67BAF39B-2F48-4CB8-957D-B358B91FC540}"
EndProject
Project("{FAE04EC0-301F-11D3-BF4B-00C04F79EFBC}") = "QuickBy.Repositorio", "QuickBy.Repositorio\QuickBy.Repositorio.csproj", "{E83EF78A-EE47-4C87-8EFE-1127B5D45CF1}"
EndProject
Project("{FAE04EC0-301F-11D3-BF4B-00C04F79EFBC}") = "QuickBy.Web", "QuickBy.Web\QuickBy.Web.csproj", "{2C574DDE-F4FD-4993-9FAC-559E8E696B02}"
EndProject
Global
	GlobalSection(SolutionConfigurationPlatforms) = preSolution
		Debug|Any CPU = Debug|Any CPU
		Debug|x64 = Debug|x64
		Debug|x86 = Debug|x86
		Release|Any CPU = Release|Any CPU
		Release|x64 = Release|x64
		Release|x86 = Release|x86
	EndGlobalSection
	GlobalSection(SolutionProperties) = preSolution
		HideSolutionNode = FALSE
	EndGlobalSection
	GlobalSection(ProjectConfigurationPlatforms) = postSolution
		{67BAF39B-2F48-4CB8-957D-B358B91FC540}.Debug|Any CPU.ActiveCfg = Debug|Any CPU
		{67BAF39B-2F48-4CB8-957D-B358B91FC540}.Debug|Any CPU.Build.0 = Debug|Any CPU
		{67BAF39B-2F48-4CB8-957D-B358B91FC540}.Debug|x64.ActiveCfg = Debug|Any CPU
		{67BAF39B-2F48-4CB8-957D-B358B91FC540}.Debug|x64.Build.0 = Debug|Any CPU
		{67BAF39B-2F48-4CB8-957D-B358B91FC540}.Debug|x86.ActiveCfg = Debug|Any CPU
		{67BAF39B-2F48-4CB8-957D-B358B91FC540}.Debug|x86.Build.0 = Debug|Any CPU
		{67BAF39B-2F48-4CB8-957D-B358B91FC540}.Release|Any CPU.ActiveCfg = Release|Any CPU
		{67BAF39B-2F48-4CB8-957D-B358B91FC540}.Release|Any CPU.Build.0 = Release|Any CPU
		{67BAF39B-2F48-4CB8-957D-B358B91FC540}.Release|x64.ActiveCfg = Release|Any CPU
		{67BAF39B-2F48-4CB8-957D-B358B91FC540}.Release|x64.Build.0 = Release|Any CPU
		{67BAF39B-2F48-4CB8-957D-B358B91FC540}.Release|x86.ActiveCfg = Release|Any CPU
		{67BAF39B-2F48-4CB8-957D-B358B91FC540}.Release|x86.Build.0 = Release|Any CPU
		{E83EF78A-EE47-4C87-8EFE-1127B5D45CF1}.Debug|Any CPU.ActiveCfg = Debug|Any CPU
		{E83EF78A-EE47-4C87-8EFE-1127B5D45CF1}.Debug|Any CPU.Build.0 = Debug|Any CPU
		{E83EF78A-EE47-4C87-8EFE-1127B5D45CF1}.Debug|x64.ActiveCfg = Debug|Any CPU
		{E83EF78A-EE47-4C87-8EFE-1127B5D45CF1}.Debug|x64.Build.0 = Debug|Any CPU
		{E83EF78A-EE47-4C87-8EFE-1127B5D45CF1}.Debug|x86.ActiveCfg = Debug|Any CPU
		{E83EF78A-EE47-4C87-8EFE-1127B5D45CF1}.Debug|x86.Build.0 = Debug|Any CPU
		{E83EF78A-EE47-4C87-8EFE-1127B5D45CF1}.Release|Any CPU.ActiveCfg = Release|Any CPU
		{E83EF78A-EE47-4C87-8EFE-1127B5D45CF1}.Release|Any CPU.Build.0 = Release|Any CPU
		{E83EF78A-EE47-4C87-8EFE-1127B5D45CF1}.Release|x64.ActiveCfg = Release|Any CPU
		{E83EF78A-EE47-4C87-8EFE-1127B5D45CF1}.Release|x64.Build.0 = Release|Any CPU
		{E83EF78A-EE47-4C87-8EFE-1127B5D45CF1}.Release|x86.ActiveCfg = Release|Any CPU
		{E83EF78A-EE47-4C87-8EFE-1127B5D45CF1}.Release|x86.Build.0 = Release|Any CPU
		{2C574DDE-F4FD-4993-9FAC-559E8E696B02}.Debug|Any CPU.ActiveCfg = Debug|Any CPU
		{2C574DDE-F4FD-4993-9FAC-559E8E696B02}.Debug|Any CPU.Build.0 = Debug|Any CPU
		{2C574DDE-F4FD-4993-9FAC-559E8E696B02}.Debug|x64.ActiveCfg = Debug|Any CPU
		{2C574DDE-F4FD-4993-9FAC-559E8E696B02}.Debug|x64.Build.0 = Debug|Any CPU
		{2C574DDE-F4FD-4993-9FAC-559E8E696B02}.Debug|x86.ActiveCfg = Debug|Any CPU
		{2C574DDE-F4FD-4993-9FAC-559E8E696B02}.Debug|x86.Build.0 = Debug|Any CPU
		{2C574DDE-F4FD-4993-9FAC-559E8E696B02}.Release|Any CPU.ActiveCfg = Release|Any CPU
		{2C574DDE-F4FD-4993-9FAC-559E8E696B02}.Release|Any CPU.Build.0 = Release|Any CPU
		{2C574DDE-F4FD-4993-9FAC-559E8E696B02}.Release|x64.ActiveCfg = Release|Any CPU
		{2C574DDE-F4FD-4993-9FAC-559E8E696B02}.Release|x64.Build.0 = Release|Any CPU
		{2C574DDE-F4FD-4993-9FAC-559E8E696B02}.Release|x86.ActiveCfg = Release|Any CPU
		{2C574DDE-F4FD-4993-9FAC-559E8E696B02}.Release|x86.Build.0 = Release|Any CPU
	EndGlobalSection
EndGlobal
